
Microsoft Visual Studio Solution File, Format Version 12.00
# Visual Studio Version 16
VisualStudioVersion = 16.0.30717.126
MinimumVisualStudioVersion = 10.0.40219.1
Project("{9A19103F-16F7-4668-BE54-9A1E7A4F7556}") = "UsuariosApi", "UsuariosApi\UsuariosApi.csproj", "{5B8D7122-A606-4BC6-90B8-49D31011DFFC}"
EndProject
Project("{FAE04EC0-301F-11D3-BF4B-00C04F79EFBC}") = "UsuariosApi.Test", "UsuariosApi.Tests\UsuariosApi.Test.csproj", "{5EB68250-6AA1-456F-A2B6-CBB3B7AA91F5}"
EndProject
Global
	GlobalSection(SolutionConfigurationPlatforms) = preSolution
		Debug|Any CPU = Debug|Any CPU
		Release|Any CPU = Release|Any CPU
	EndGlobalSection
	GlobalSection(ProjectConfigurationPlatforms) = postSolution
		{5B8D7122-A606-4BC6-90B8-49D31011DFFC}.Debug|Any CPU.ActiveCfg = Debug|Any CPU
		{5B8D7122-A606-4BC6-90B8-49D31011DFFC}.Debug|Any CPU.Build.0 = Debug|Any CPU
		{5B8D7122-A606-4BC6-90B8-49D31011DFFC}.Release|Any CPU.ActiveCfg = Release|Any CPU
		{5B8D7122-A606-4BC6-90B8-49D31011DFFC}.Release|Any CPU.Build.0 = Release|Any CPU
		{5EB68250-6AA1-456F-A2B6-CBB3B7AA91F5}.Debug|Any CPU.ActiveCfg = Debug|Any CPU
		{5EB68250-6AA1-456F-A2B6-CBB3B7AA91F5}.Debug|Any CPU.Build.0 = Debug|Any CPU
		{5EB68250-6AA1-456F-A2B6-CBB3B7AA91F5}.Release|Any CPU.ActiveCfg = Release|Any CPU
		{5EB68250-6AA1-456F-A2B6-CBB3B7AA91F5}.Release|Any CPU.Build.0 = Release|Any CPU
	EndGlobalSection
	GlobalSection(SolutionProperties) = preSolution
		HideSolutionNode = FALSE
	EndGlobalSection
	GlobalSection(ExtensibilityGlobals) = postSolution
		SolutionGuid = {5095493A-2412-4B4A-9E01-5AA4DECD92C6}
	EndGlobalSection
EndGlobal
